
Microsoft Visual Studio Solution File, Format Version 12.00
# Visual Studio Version 17
VisualStudioVersion = 17.12.35707.178 d17.12
MinimumVisualStudioVersion = 10.0.40219.1
Project("{FAE04EC0-301F-11D3-BF4B-00C04F79EFBC}") = "SistemaGestionProductos2", "SistemaGestionProductos2\SistemaGestionProductos2.csproj", "{94C05CB4-696C-456D-AEDD-9CDAC9A2F8C6}"
EndProject
Project("{FAE04EC0-301F-11D3-BF4B-00C04F79EFBC}") = "SistemaGestionProductos2.Tests", "SistemaGestionProductos2.Tests\SistemaGestionProductos2.Tests.csproj", "{0C97D5DE-8D42-4006-B22F-36F9DDE56F0A}"
EndProject
Global
	GlobalSection(SolutionConfigurationPlatforms) = preSolution
		Debug|Any CPU = Debug|Any CPU
		Release|Any CPU = Release|Any CPU
	EndGlobalSection
	GlobalSection(ProjectConfigurationPlatforms) = postSolution
		{94C05CB4-696C-456D-AEDD-9CDAC9A2F8C6}.Debug|Any CPU.ActiveCfg = Debug|Any CPU
		{94C05CB4-696C-456D-AEDD-9CDAC9A2F8C6}.Debug|Any CPU.Build.0 = Debug|Any CPU
		{94C05CB4-696C-456D-AEDD-9CDAC9A2F8C6}.Release|Any CPU.ActiveCfg = Release|Any CPU
		{94C05CB4-696C-456D-AEDD-9CDAC9A2F8C6}.Release|Any CPU.Build.0 = Release|Any CPU
		{0C97D5DE-8D42-4006-B22F-36F9DDE56F0A}.Debug|Any CPU.ActiveCfg = Debug|Any CPU
		{0C97D5DE-8D42-4006-B22F-36F9DDE56F0A}.Debug|Any CPU.Build.0 = Debug|Any CPU
		{0C97D5DE-8D42-4006-B22F-36F9DDE56F0A}.Release|Any CPU.ActiveCfg = Release|Any CPU
		{0C97D5DE-8D42-4006-B22F-36F9DDE56F0A}.Release|Any CPU.Build.0 = Release|Any CPU
	EndGlobalSection
	GlobalSection(SolutionProperties) = preSolution
		HideSolutionNode = FALSE
	EndGlobalSection
EndGlobal
